
Microsoft Visual Studio Solution File, Format Version 12.00
# Visual Studio Version 17
VisualStudioVersion = 17.5.33516.290
MinimumVisualStudioVersion = 10.0.40219.1
Project("{FAE04EC0-301F-11D3-BF4B-00C04F79EFBC}") = "Agenda", "Agenda\Agenda.csproj", "{A92488E2-BDB4-4402-AD1B-BB96755B5326}"
EndProject
Global
	GlobalSection(SolutionConfigurationPlatforms) = preSolution
		Debug|Any CPU = Debug|Any CPU
		Release|Any CPU = Release|Any CPU
	EndGlobalSection
	GlobalSection(ProjectConfigurationPlatforms) = postSolution
		{A92488E2-BDB4-4402-AD1B-BB96755B5326}.Debug|Any CPU.ActiveCfg = Debug|Any CPU
		{A92488E2-BDB4-4402-AD1B-BB96755B5326}.Debug|Any CPU.Build.0 = Debug|Any CPU
		{A92488E2-BDB4-4402-AD1B-BB96755B5326}.Release|Any CPU.ActiveCfg = Release|Any CPU
		{A92488E2-BDB4-4402-AD1B-BB96755B5326}.Release|Any CPU.Build.0 = Release|Any CPU
	EndGlobalSection
	GlobalSection(SolutionProperties) = preSolution
		HideSolutionNode = FALSE
	EndGlobalSection
	GlobalSection(ExtensibilityGlobals) = postSolution
		SolutionGuid = {47A16834-877B-4127-BCAF-29F02CBF279F}
	EndGlobalSection
EndGlobal
